
Microsoft Visual Studio Solution File, Format Version 12.00
# Visual Studio Version 16
VisualStudioVersion = 16.0.30011.22
MinimumVisualStudioVersion = 10.0.40219.1
Project("{FAE04EC0-301F-11D3-BF4B-00C04F79EFBC}") = "Dmp.Jord.Integration.Sample", "Dmp.Jord.Integration.Sample\Dmp.Jord.Integration.Sample.csproj", "{01F0E331-EBB7-4B17-B27C-F97EEC050415}"
EndProject
Global
	GlobalSection(SolutionConfigurationPlatforms) = preSolution
		Debug|Any CPU = Debug|Any CPU
		Release|Any CPU = Release|Any CPU
	EndGlobalSection
	GlobalSection(ProjectConfigurationPlatforms) = postSolution
		{01F0E331-EBB7-4B17-B27C-F97EEC050415}.Debug|Any CPU.ActiveCfg = Debug|Any CPU
		{01F0E331-EBB7-4B17-B27C-F97EEC050415}.Debug|Any CPU.Build.0 = Debug|Any CPU
		{01F0E331-EBB7-4B17-B27C-F97EEC050415}.Release|Any CPU.ActiveCfg = Release|Any CPU
		{01F0E331-EBB7-4B17-B27C-F97EEC050415}.Release|Any CPU.Build.0 = Release|Any CPU
	EndGlobalSection
	GlobalSection(SolutionProperties) = preSolution
		HideSolutionNode = FALSE
	EndGlobalSection
	GlobalSection(ExtensibilityGlobals) = postSolution
		SolutionGuid = {7858C357-817C-421B-AF5F-1C1FEF1E10CD}
	EndGlobalSection
EndGlobal
